
Microsoft Visual Studio Solution File, Format Version 12.00
# Visual Studio Version 17
VisualStudioVersion = 17.6.33815.320
MinimumVisualStudioVersion = 10.0.40219.1
Project("{9A19103F-16F7-4668-BE54-9A1E7A4F7556}") = "PulseStore.PL", "PulseStore.PL\PulseStore.PL.csproj", "{04149326-7B07-4E26-B1CA-E03C095587B7}"
EndProject
Project("{9A19103F-16F7-4668-BE54-9A1E7A4F7556}") = "PulseStore.BLL", "PulseStore.BLL\PulseStore.BLL.csproj", "{F6EFFA14-B575-4209-AE96-DF4C640FCBB5}"
EndProject
Project("{9A19103F-16F7-4668-BE54-9A1E7A4F7556}") = "PulseStore.DAL", "PulseStore.DAL\PulseStore.DAL.csproj", "{5E5E4B7A-6291-4FC3-B4CC-37DB1E9F5580}"
EndProject
Global
	GlobalSection(SolutionConfigurationPlatforms) = preSolution
		Debug|Any CPU = Debug|Any CPU
		Release|Any CPU = Release|Any CPU
	EndGlobalSection
	GlobalSection(ProjectConfigurationPlatforms) = postSolution
		{04149326-7B07-4E26-B1CA-E03C095587B7}.Debug|Any CPU.ActiveCfg = Debug|Any CPU
		{04149326-7B07-4E26-B1CA-E03C095587B7}.Debug|Any CPU.Build.0 = Debug|Any CPU
		{04149326-7B07-4E26-B1CA-E03C095587B7}.Release|Any CPU.ActiveCfg = Release|Any CPU
		{04149326-7B07-4E26-B1CA-E03C095587B7}.Release|Any CPU.Build.0 = Release|Any CPU
		{F6EFFA14-B575-4209-AE96-DF4C640FCBB5}.Debug|Any CPU.ActiveCfg = Debug|Any CPU
		{F6EFFA14-B575-4209-AE96-DF4C640FCBB5}.Debug|Any CPU.Build.0 = Debug|Any CPU
		{F6EFFA14-B575-4209-AE96-DF4C640FCBB5}.Release|Any CPU.ActiveCfg = Release|Any CPU
		{F6EFFA14-B575-4209-AE96-DF4C640FCBB5}.Release|Any CPU.Build.0 = Release|Any CPU
		{5E5E4B7A-6291-4FC3-B4CC-37DB1E9F5580}.Debug|Any CPU.ActiveCfg = Debug|Any CPU
		{5E5E4B7A-6291-4FC3-B4CC-37DB1E9F5580}.Debug|Any CPU.Build.0 = Debug|Any CPU
		{5E5E4B7A-6291-4FC3-B4CC-37DB1E9F5580}.Release|Any CPU.ActiveCfg = Release|Any CPU
		{5E5E4B7A-6291-4FC3-B4CC-37DB1E9F5580}.Release|Any CPU.Build.0 = Release|Any CPU
	EndGlobalSection
	GlobalSection(SolutionProperties) = preSolution
		HideSolutionNode = FALSE
	EndGlobalSection
	GlobalSection(ExtensibilityGlobals) = postSolution
		SolutionGuid = {8CDADEA8-8202-4F8E-BD95-7039C4819C50}
	EndGlobalSection
EndGlobal
